<?xml version="1.0" encoding="utf-8"?>
<Project ToolsVersion="4.0" xmlns="http://schemas.microsoft.com/developer/msbuild/2003">
  <ItemGroup>
    <Filter Include="Source Files">
      <UniqueIdentifier>{4FC737F1-C7A5-4376-A066-2A32D752A2FF}</UniqueIdentifier>
      <Extensions>cpp;c;cc;cxx;c++;cppm;ixx;def;odl;idl;hpj;bat;asm;asmx</Extensions>
    </Filter>
    <Filter Include="Header Files">
      <UniqueIdentifier>{93995380-89BD-4b04-88EB-625FBE52EBFB}</UniqueIdentifier>
      <Extensions>h;hh;hpp;hxx;h++;hm;inl;inc;ipp;xsd</Extensions>
    </Filter>
    <Filter Include="Resource Files">
      <UniqueIdentifier>{67DA6AB6-F800-4c08-8B7A-83BB121AAD01}</UniqueIdentifier>
      <Extensions>rc;ico;cur;bmp;dlg;rc2;rct;bin;rgs;gif;jpg;jpeg;jpe;resx;tiff;tif;png;wav;mfcribbon-ms</Extensions>
    </Filter>
    <Filter Include="CITIES">
      <UniqueIdentifier>{f293e906-386d-421c-b5ff-4cc2f3ca55ee}</UniqueIdentifier>
    </Filter>
    <Filter Include="PERSONS">
      <UniqueIdentifier>{18cfb192-f4d4-47d0-b5b9-723853c9256d}</UniqueIdentifier>
    </Filter>
    <Filter Include="Source Files\CITIES">
      <UniqueIdentifier>{a4b6bc49-f645-4c3c-a8c3-9daed020a70d}</UniqueIdentifier>
    </Filter>
    <Filter Include="Source Files\PERSONS">
      <UniqueIdentifier>{303fe5f4-5a2e-4965-928e-389e08ed815a}</UniqueIdentifier>
    </Filter>
    <Filter Include="PHONE_NUMERS">
      <UniqueIdentifier>{b8242b1e-d7da-4518-8d51-26aa95088273}</UniqueIdentifier>
    </Filter>
    <Filter Include="PHONE_TYPES">
      <UniqueIdentifier>{683404fd-8e16-4d95-bcf0-c1718fa5d25d}</UniqueIdentifier>
    </Filter>
    <Filter Include="Source Files\PHONE_NUMBERS">
      <UniqueIdentifier>{e13e2113-cc96-46b5-9c89-49f1c98e7d02}</UniqueIdentifier>
    </Filter>
    <Filter Include="Source Files\PHONE_TYPES">
      <UniqueIdentifier>{80c21068-ef2e-45bf-b823-bc87d8c6d232}</UniqueIdentifier>
    </Filter>
  </ItemGroup>
  <ItemGroup>
    <ClInclude Include="PhoneBook.h">
      <Filter>Header Files</Filter>
    </ClInclude>
    <ClInclude Include="framework.h">
      <Filter>Header Files</Filter>
    </ClInclude>
    <ClInclude Include="targetver.h">
      <Filter>Header Files</Filter>
    </ClInclude>
    <ClInclude Include="MainFrm.h">
      <Filter>Header Files</Filter>
    </ClInclude>
    <ClInclude Include="ChildFrm.h">
      <Filter>Header Files</Filter>
    </ClInclude>
    <ClInclude Include="Resource.h">
      <Filter>Header Files</Filter>
    </ClInclude>
    <ClInclude Include="pch.h">
      <Filter>Header Files</Filter>
    </ClInclude>
    <ClInclude Include="Structures.h">
      <Filter>Header Files</Filter>
    </ClInclude>
    <ClInclude Include="CSelfClearingTypedPtrArray.h">
      <Filter>Header Files</Filter>
    </ClInclude>
    <ClInclude Include="CBaseTable.h">
      <Filter>Header Files</Filter>
    </ClInclude>
    <ClInclude Include="CCitiesData.h">
      <Filter>CITIES</Filter>
    </ClInclude>
    <ClInclude Include="CCitiesDialog.h">
      <Filter>CITIES</Filter>
    </ClInclude>
    <ClInclude Include="CCitiesDocument.h">
      <Filter>CITIES</Filter>
    </ClInclude>
    <ClInclude Include="CCitiesTable.h">
      <Filter>CITIES</Filter>
    </ClInclude>
    <ClInclude Include="CitiesDoc.h">
      <Filter>CITIES</Filter>
    </ClInclude>
    <ClInclude Include="CitiesView.h">
      <Filter>CITIES</Filter>
    </ClInclude>
    <ClInclude Include="CPersonsData.h">
      <Filter>PERSONS</Filter>
    </ClInclude>
    <ClInclude Include="CPersonsDocument.h">
      <Filter>PERSONS</Filter>
    </ClInclude>
    <ClInclude Include="CPersonsTable.h">
      <Filter>PERSONS</Filter>
    </ClInclude>
    <ClInclude Include="CBaseView.h">
      <Filter>Header Files</Filter>
    </ClInclude>
    <ClInclude Include="Enumerations.h">
      <Filter>Header Files</Filter>
    </ClInclude>
    <ClInclude Include="GlobalConstants.h">
      <Filter>Header Files</Filter>
    </ClInclude>
    <ClInclude Include="CitiesDataValidator.h">
      <Filter>Header Files</Filter>
    </ClInclude>
    <ClInclude Include="CPersonsView.h">
      <Filter>PERSONS</Filter>
    </ClInclude>
    <ClInclude Include="DialogWindowEnumeration.h">
      <Filter>Header Files</Filter>
    </ClInclude>
    <ClInclude Include="CPersonsDialog.h">
      <Filter>PERSONS</Filter>
    </ClInclude>
    <ClInclude Include="CPhoneNumbersTable.h">
      <Filter>PHONE_NUMERS</Filter>
    </ClInclude>
    <ClInclude Include="CPhoneNumbersData.h">
      <Filter>PHONE_NUMERS</Filter>
    </ClInclude>
    <ClInclude Include="DataBaseConnector.h">
      <Filter>Header Files</Filter>
    </ClInclude>
    <ClInclude Include="ErrorVisualizator.h">
      <Filter>Header Files</Filter>
    </ClInclude>
    <ClInclude Include="CTableAccessor.h">
      <Filter>Header Files</Filter>
    </ClInclude>
    <ClInclude Include="TextDataValidator.h">
      <Filter>Header Files</Filter>
    </ClInclude>
    <ClInclude Include="CPhoneTypesTable.h">
      <Filter>PHONE_TYPES</Filter>
    </ClInclude>
    <ClInclude Include="CPhoneTypesData.h">
      <Filter>PHONE_TYPES</Filter>
    </ClInclude>
    <ClInclude Include="CPhoneTypesDocument.h">
      <Filter>PHONE_TYPES</Filter>
    </ClInclude>
  </ItemGroup>
  <ItemGroup>
    <ClCompile Include="PhoneBook.cpp">
      <Filter>Source Files</Filter>
    </ClCompile>
    <ClCompile Include="MainFrm.cpp">
      <Filter>Source Files</Filter>
    </ClCompile>
    <ClCompile Include="ChildFrm.cpp">
      <Filter>Source Files</Filter>
    </ClCompile>
    <ClCompile Include="pch.cpp">
      <Filter>Source Files</Filter>
    </ClCompile>
    <ClCompile Include="CSelfClearingTypedPtrArray.cpp">
      <Filter>Source Files</Filter>
    </ClCompile>
    <ClCompile Include="CBaseTable.cpp">
      <Filter>Source Files</Filter>
    </ClCompile>
    <ClCompile Include="CCitiesData.cpp">
      <Filter>Source Files\CITIES</Filter>
    </ClCompile>
    <ClCompile Include="CCitiesDialog.cpp">
      <Filter>Source Files\CITIES</Filter>
    </ClCompile>
    <ClCompile Include="CCitiesDocument.cpp">
      <Filter>Source Files\CITIES</Filter>
    </ClCompile>
    <ClCompile Include="CCitiesTable.cpp">
      <Filter>Source Files\CITIES</Filter>
    </ClCompile>
    <ClCompile Include="CitiesDoc.cpp">
      <Filter>Source Files\CITIES</Filter>
    </ClCompile>
    <ClCompile Include="CitiesView.cpp">
      <Filter>Source Files\CITIES</Filter>
    </ClCompile>
    <ClCompile Include="CPersonsData.cpp">
      <Filter>Source Files\PERSONS</Filter>
    </ClCompile>
    <ClCompile Include="CPersonsDocument.cpp">
      <Filter>Source Files\PERSONS</Filter>
    </ClCompile>
    <ClCompile Include="CPersonsTable.cpp">
      <Filter>Source Files\PERSONS</Filter>
    </ClCompile>
    <ClCompile Include="CBaseView.cpp">
      <Filter>Source Files</Filter>
    </ClCompile>
    <ClCompile Include="GlobalConstants.cpp">
      <Filter>Source Files</Filter>
    </ClCompile>
    <ClCompile Include="CitiesDataValidator.cpp">
      <Filter>Source Files</Filter>
    </ClCompile>
    <ClCompile Include="CPersonsView.cpp">
      <Filter>Source Files\PERSONS</Filter>
    </ClCompile>
    <ClCompile Include="CPersonsDialog.cpp">
      <Filter>Source Files\PERSONS</Filter>
    </ClCompile>
    <ClCompile Include="CPhoneNumbersTable.cpp">
      <Filter>Source Files\PHONE_NUMBERS</Filter>
    </ClCompile>
    <ClCompile Include="CPhoneNumbersData.cpp">
      <Filter>Source Files\PHONE_NUMBERS</Filter>
    </ClCompile>
    <ClCompile Include="DataBaseConnector.cpp">
      <Filter>Source Files</Filter>
    </ClCompile>
    <ClCompile Include="ErrorVisualizator.cpp">
      <Filter>Source Files</Filter>
    </ClCompile>
    <ClCompile Include="TextDataValidator.cpp">
      <Filter>Source Files</Filter>
    </ClCompile>
    <ClCompile Include="CPhoneTypesTable.cpp">
      <Filter>Source Files\PHONE_TYPES</Filter>
    </ClCompile>
    <ClCompile Include="CPhoneTypesData.cpp">
      <Filter>Source Files\PHONE_TYPES</Filter>
    </ClCompile>
    <ClCompile Include="CPhoneTypesDocument.cpp">
      <Filter>Source Files\PHONE_TYPES</Filter>
    </ClCompile>
  </ItemGroup>
  <ItemGroup>
    <ResourceCompile Include="PhoneBook.rc">
      <Filter>Resource Files</Filter>
    </ResourceCompile>
  </ItemGroup>
  <ItemGroup>
    <Image Include="res\userimages.bmp">
      <Filter>Resource Files</Filter>
    </Image>
    <Image Include="res\PhoneBookDoc.ico">
      <Filter>Resource Files</Filter>
    </Image>
    <Image Include="res\PhoneBook.ico">
      <Filter>Resource Files</Filter>
    </Image>
    <Image Include="res\Toolbar.bmp">
      <Filter>Resource Files</Filter>
    </Image>
    <Image Include="res\Toolbar256.bmp">
      <Filter>Resource Files</Filter>
    </Image>
  </ItemGroup>
  <ItemGroup>
    <None Include="res\PhoneBook.rc2">
      <Filter>Resource Files</Filter>
    </None>
  </ItemGroup>
</Project>